
Microsoft Visual Studio Solution File, Format Version 12.00
# Visual Studio 15
VisualStudioVersion = 15.0.27130.2010
MinimumVisualStudioVersion = 10.0.40219.1
Project("{FAE04EC0-301F-11D3-BF4B-00C04F79EFBC}") = "dhimancars", "dhimancars\dhimancars.csproj", "{91238867-709B-47EB-8D9E-CCBD0E748742}"
EndProject
Project("{FAE04EC0-301F-11D3-BF4B-00C04F79EFBC}") = "dhimancars.Tests", "dhimancars.Tests\dhimancars.Tests.csproj", "{30ED305E-E62F-40E6-8C3E-1E5ADD0EDE45}"
EndProject
Global
	GlobalSection(SolutionConfigurationPlatforms) = preSolution
		Debug|Any CPU = Debug|Any CPU
		Release|Any CPU = Release|Any CPU
	EndGlobalSection
	GlobalSection(ProjectConfigurationPlatforms) = postSolution
		{91238867-709B-47EB-8D9E-CCBD0E748742}.Debug|Any CPU.ActiveCfg = Debug|Any CPU
		{91238867-709B-47EB-8D9E-CCBD0E748742}.Debug|Any CPU.Build.0 = Debug|Any CPU
		{91238867-709B-47EB-8D9E-CCBD0E748742}.Release|Any CPU.ActiveCfg = Release|Any CPU
		{91238867-709B-47EB-8D9E-CCBD0E748742}.Release|Any CPU.Build.0 = Release|Any CPU
		{30ED305E-E62F-40E6-8C3E-1E5ADD0EDE45}.Debug|Any CPU.ActiveCfg = Debug|Any CPU
		{30ED305E-E62F-40E6-8C3E-1E5ADD0EDE45}.Debug|Any CPU.Build.0 = Debug|Any CPU
		{30ED305E-E62F-40E6-8C3E-1E5ADD0EDE45}.Release|Any CPU.ActiveCfg = Release|Any CPU
		{30ED305E-E62F-40E6-8C3E-1E5ADD0EDE45}.Release|Any CPU.Build.0 = Release|Any CPU
	EndGlobalSection
	GlobalSection(SolutionProperties) = preSolution
		HideSolutionNode = FALSE
	EndGlobalSection
	GlobalSection(ExtensibilityGlobals) = postSolution
		SolutionGuid = {7AC4806D-43FE-452C-8AA5-FC62AC725227}
	EndGlobalSection
EndGlobal
